{
    "version": 3,
    "terraform_version": "0.11.8",
    "serial": 5,
    "lineage": "070aa6a5-760f-2ee7-298a-73c36b11aecc",
    "modules": [
        {
            "path": [
                "root"
            ],
            "outputs": {},
            "resources": {},
            "depends_on": []
        },
        {
            "path": [
                "root",
                "Instance"
            ],
            "outputs": {},
            "resources": {
                "data.vsphere_datacenter.dc": {
                    "type": "vsphere_datacenter",
                    "depends_on": [],
                    "primary": {
                        "id": "datacenter-2",
                        "attributes": {
                            "id": "datacenter-2",
                            "name": "DC1"
                        },
                        "meta": {},
                        "tainted": false
                    },
                    "deposed": [],
                    "provider": "provider.vsphere"
                },
                "data.vsphere_datastore.datastore": {
                    "type": "vsphere_datastore",
                    "depends_on": [
                        "data.vsphere_datacenter.dc"
                    ],
                    "primary": {
                        "id": "datastore-11",
                        "attributes": {
                            "datacenter_id": "datacenter-2",
                            "id": "datastore-11",
                            "name": "datastore1"
                        },
                        "meta": {},
                        "tainted": false
                    },
                    "deposed": [],
                    "provider": "provider.vsphere"
                },
                "data.vsphere_network.network": {
                    "type": "vsphere_network",
                    "depends_on": [
                        "data.vsphere_datacenter.dc"
                    ],
                    "primary": {
                        "id": "network-14",
                        "attributes": {
                            "datacenter_id": "datacenter-2",
                            "id": "network-14",
                            "name": "VM Network",
                            "type": "Network"
                        },
                        "meta": {},
                        "tainted": false
                    },
                    "deposed": [],
                    "provider": "provider.vsphere"
                },
                "data.vsphere_resource_pool.pool": {
                    "type": "vsphere_resource_pool",
                    "depends_on": [
                        "data.vsphere_datacenter.dc"
                    ],
                    "primary": {
                        "id": "resgroup-10",
                        "attributes": {
                            "datacenter_id": "datacenter-2",
                            "id": "resgroup-10",
                            "name": "test"
                        },
                        "meta": {},
                        "tainted": false
                    },
                    "deposed": [],
                    "provider": "provider.vsphere"
                },
                "data.vsphere_virtual_machine.template": {
                    "type": "vsphere_virtual_machine",
                    "depends_on": [
                        "data.vsphere_datacenter.dc"
                    ],
                    "primary": {
                        "id": "4212a03d-b54c-3e76-eba0-38ed0f58cd68",
                        "attributes": {
                            "alternate_guest_name": "",
                            "datacenter_id": "datacenter-2",
                            "disks.#": "1",
                            "disks.0.eagerly_scrub": "false",
                            "disks.0.size": "8",
                            "disks.0.thin_provisioned": "true",
                            "firmware": "bios",
                            "guest_id": "ubuntu64Guest",
                            "id": "4212a03d-b54c-3e76-eba0-38ed0f58cd68",
                            "name": "apache2",
                            "network_interface_types.#": "1",
                            "network_interface_types.0": "vmxnet3",
                            "scsi_bus_sharing": "noSharing",
                            "scsi_controller_scan_count": "1",
                            "scsi_type": "pvscsi"
                        },
                        "meta": {},
                        "tainted": false
                    },
                    "deposed": [],
                    "provider": "provider.vsphere"
                },
                "vsphere_virtual_machine.vm": {
                    "type": "vsphere_virtual_machine",
                    "depends_on": [
                        "data.vsphere_datastore.datastore",
                        "data.vsphere_network.network",
                        "data.vsphere_resource_pool.pool",
                        "data.vsphere_virtual_machine.template"
                    ],
                    "primary": {
                        "id": "42127156-255e-392d-f63f-e6129c7b46d8",
                        "attributes": {
                            "alternate_guest_name": "",
                            "annotation": "",
                            "boot_delay": "0",
                            "boot_retry_delay": "10000",
                            "boot_retry_enabled": "false",
                            "cdrom.#": "0",
                            "change_version": "2018-09-17T06:11:47.371677Z",
                            "clone.#": "1",
                            "clone.0.customize.#": "1",
                            "clone.0.customize.0.dns_server_list.#": "1",
                            "clone.0.customize.0.dns_server_list.0": "8.8.8.8",
                            "clone.0.customize.0.dns_suffix_list.#": "1",
                            "clone.0.customize.0.dns_suffix_list.0": "8.8.8.8",
                            "clone.0.customize.0.ipv4_gateway": "172.16.13.1",
                            "clone.0.customize.0.ipv6_gateway": "",
                            "clone.0.customize.0.linux_options.#": "1",
                            "clone.0.customize.0.linux_options.0.domain": "praveenmali.com",
                            "clone.0.customize.0.linux_options.0.host_name": "poc",
                            "clone.0.customize.0.linux_options.0.hw_clock_utc": "true",
                            "clone.0.customize.0.linux_options.0.time_zone": "",
                            "clone.0.customize.0.network_interface.#": "1",
                            "clone.0.customize.0.network_interface.0.dns_domain": "",
                            "clone.0.customize.0.network_interface.0.dns_server_list.#": "0",
                            "clone.0.customize.0.network_interface.0.ipv4_address": "172.16.13.74",
                            "clone.0.customize.0.network_interface.0.ipv4_netmask": "24",
                            "clone.0.customize.0.network_interface.0.ipv6_address": "",
                            "clone.0.customize.0.network_interface.0.ipv6_netmask": "0",
                            "clone.0.customize.0.timeout": "10",
                            "clone.0.customize.0.windows_options.#": "0",
                            "clone.0.customize.0.windows_sysprep_text": "",
                            "clone.0.linked_clone": "false",
                            "clone.0.template_uuid": "4212a03d-b54c-3e76-eba0-38ed0f58cd68",
                            "clone.0.timeout": "30",
                            "cpu_hot_add_enabled": "false",
                            "cpu_hot_remove_enabled": "false",
                            "cpu_limit": "-1",
                            "cpu_performance_counters_enabled": "false",
                            "cpu_reservation": "0",
                            "cpu_share_count": "1000",
                            "cpu_share_level": "normal",
                            "custom_attributes.%": "0",
                            "datastore_id": "datastore-11",
                            "default_ip_address": "172.16.13.74",
                            "disk.#": "2",
                            "disk.0.attach": "false",
                            "disk.0.datastore_id": "datastore-11",
                            "disk.0.device_address": "scsi:0:0",
                            "disk.0.disk_mode": "persistent",
                            "disk.0.disk_sharing": "sharingNone",
                            "disk.0.eagerly_scrub": "false",
                            "disk.0.io_limit": "-1",
                            "disk.0.io_reservation": "0",
                            "disk.0.io_share_count": "1000",
                            "disk.0.io_share_level": "normal",
                            "disk.0.keep_on_remove": "false",
                            "disk.0.key": "2000",
                            "disk.0.label": "datadisk",
                            "disk.0.name": "",
                            "disk.0.path": "poc-wordpress_3/poc-wordpress.vmdk",
                            "disk.0.size": "8",
                            "disk.0.thin_provisioned": "true",
                            "disk.0.unit_number": "0",
                            "disk.0.uuid": "6000C293-6747-0344-c78b-93a68201105a",
                            "disk.0.write_through": "false",
                            "disk.1.attach": "true",
                            "disk.1.datastore_id": "datastore-11",
                            "disk.1.device_address": "scsi:0:2",
                            "disk.1.disk_mode": "persistent",
                            "disk.1.disk_sharing": "sharingNone",
                            "disk.1.eagerly_scrub": "false",
                            "disk.1.io_limit": "-1",
                            "disk.1.io_reservation": "0",
                            "disk.1.io_share_count": "1000",
                            "disk.1.io_share_level": "normal",
                            "disk.1.keep_on_remove": "false",
                            "disk.1.key": "2002",
                            "disk.1.label": "sharedvolume",
                            "disk.1.name": "",
                            "disk.1.path": "database.vmdk",
                            "disk.1.size": "0",
                            "disk.1.thin_provisioned": "true",
                            "disk.1.unit_number": "2",
                            "disk.1.uuid": "6000C294-4bb0-6b7b-6b38-4061eac6b6ec",
                            "disk.1.write_through": "false",
                            "enable_disk_uuid": "true",
                            "enable_logging": "false",
                            "ept_rvi_mode": "automatic",
                            "extra_config.%": "0",
                            "firmware": "bios",
                            "folder": "",
                            "force_power_off": "true",
                            "guest_id": "ubuntu64Guest",
                            "guest_ip_addresses.#": "2",
                            "guest_ip_addresses.0": "172.16.13.74",
                            "guest_ip_addresses.1": "fe80::250:56ff:fe92:86c8",
                            "host_system_id": "host-9",
                            "hv_mode": "hvAuto",
                            "id": "42127156-255e-392d-f63f-e6129c7b46d8",
                            "latency_sensitivity": "normal",
                            "memory": "1024",
                            "memory_hot_add_enabled": "false",
                            "memory_limit": "-1",
                            "memory_reservation": "0",
                            "memory_share_count": "10240",
                            "memory_share_level": "normal",
                            "migrate_wait_timeout": "30",
                            "moid": "vm-54",
                            "name": "poc-wordpress",
                            "nested_hv_enabled": "false",
                            "network_interface.#": "1",
                            "network_interface.0.adapter_type": "vmxnet3",
                            "network_interface.0.bandwidth_limit": "-1",
                            "network_interface.0.bandwidth_reservation": "0",
                            "network_interface.0.bandwidth_share_count": "50",
                            "network_interface.0.bandwidth_share_level": "normal",
                            "network_interface.0.device_address": "pci:0:7",
                            "network_interface.0.key": "4000",
                            "network_interface.0.mac_address": "00:50:56:92:86:c8",
                            "network_interface.0.network_id": "network-14",
                            "network_interface.0.use_static_mac": "false",
                            "num_cores_per_socket": "1",
                            "num_cpus": "1",
                            "reboot_required": "false",
                            "resource_pool_id": "resgroup-10",
                            "run_tools_scripts_after_power_on": "true",
                            "run_tools_scripts_after_resume": "true",
                            "run_tools_scripts_before_guest_reboot": "false",
                            "run_tools_scripts_before_guest_shutdown": "true",
                            "run_tools_scripts_before_guest_standby": "true",
                            "scsi_bus_sharing": "noSharing",
                            "scsi_controller_count": "1",
                            "scsi_type": "pvscsi",
                            "shutdown_wait_timeout": "3",
                            "swap_placement_policy": "inherit",
                            "sync_time_with_host": "false",
                            "tags.#": "0",
                            "uuid": "42127156-255e-392d-f63f-e6129c7b46d8",
                            "vapp_transport.#": "0",
                            "vmware_tools_status": "guestToolsRunning",
                            "vmx_path": "poc-wordpress_3/poc-wordpress.vmx",
                            "wait_for_guest_net_routable": "true",
                            "wait_for_guest_net_timeout": "5"
                        },
                        "meta": {
                            "schema_version": "3"
                        },
                        "tainted": false
                    },
                    "deposed": [],
                    "provider": "provider.vsphere"
                }
            },
            "depends_on": []
        }
    ]
}
